
Microsoft Visual Studio Solution File, Format Version 12.00
Project("{FAE04EC0-301F-11D3-BF4B-00C04F79EFBC}") = "ExcelFlow", "ExcelFlow\ExcelFlow.csproj", "{82965105-27B3-4092-B809-BF8075B45334}"
EndProject
Project("{FAE04EC0-301F-11D3-BF4B-00C04F79EFBC}") = "ExcelFlow.Demo", "ExcelFlow.Demo\ExcelFlow.Demo.csproj", "{F5E4B922-89B9-4228-8039-6104A7FA1235}"
EndProject
Project("{FAE04EC0-301F-11D3-BF4B-00C04F79EFBC}") = "ExcelFlow.SourceGenerators", "ExcelFlow.SourceGenerators\ExcelFlow.SourceGenerators.csproj", "{F39F3661-A0A8-4FE4-A329-21E5A6FA9008}"
EndProject
Project("{FAE04EC0-301F-11D3-BF4B-00C04F79EFBC}") = "ExcelFlow.Tests", "ExcelFlow.Tests\ExcelFlow.Tests.csproj", "{6E966D8B-5F80-4012-AADE-82A057D5AC16}"
EndProject
Global
	GlobalSection(SolutionConfigurationPlatforms) = preSolution
		Debug|Any CPU = Debug|Any CPU
		Debug|x64 = Debug|x64
		Debug|x86 = Debug|x86
		Release|Any CPU = Release|Any CPU
		Release|x64 = Release|x64
		Release|x86 = Release|x86
	EndGlobalSection
	GlobalSection(ProjectConfigurationPlatforms) = postSolution
		{82965105-27B3-4092-B809-BF8075B45334}.Debug|Any CPU.ActiveCfg = Debug|Any CPU
		{82965105-27B3-4092-B809-BF8075B45334}.Debug|Any CPU.Build.0 = Debug|Any CPU
		{82965105-27B3-4092-B809-BF8075B45334}.Debug|x64.ActiveCfg = Debug|Any CPU
		{82965105-27B3-4092-B809-BF8075B45334}.Debug|x64.Build.0 = Debug|Any CPU
		{82965105-27B3-4092-B809-BF8075B45334}.Debug|x86.ActiveCfg = Debug|Any CPU
		{82965105-27B3-4092-B809-BF8075B45334}.Debug|x86.Build.0 = Debug|Any CPU
		{82965105-27B3-4092-B809-BF8075B45334}.Release|Any CPU.ActiveCfg = Release|Any CPU
		{82965105-27B3-4092-B809-BF8075B45334}.Release|Any CPU.Build.0 = Release|Any CPU
		{82965105-27B3-4092-B809-BF8075B45334}.Release|x64.ActiveCfg = Release|Any CPU
		{82965105-27B3-4092-B809-BF8075B45334}.Release|x64.Build.0 = Release|Any CPU
		{82965105-27B3-4092-B809-BF8075B45334}.Release|x86.ActiveCfg = Release|Any CPU
		{82965105-27B3-4092-B809-BF8075B45334}.Release|x86.Build.0 = Release|Any CPU
		{F5E4B922-89B9-4228-8039-6104A7FA1235}.Debug|Any CPU.ActiveCfg = Debug|Any CPU
		{F5E4B922-89B9-4228-8039-6104A7FA1235}.Debug|Any CPU.Build.0 = Debug|Any CPU
		{F5E4B922-89B9-4228-8039-6104A7FA1235}.Debug|x64.ActiveCfg = Debug|Any CPU
		{F5E4B922-89B9-4228-8039-6104A7FA1235}.Debug|x64.Build.0 = Debug|Any CPU
		{F5E4B922-89B9-4228-8039-6104A7FA1235}.Debug|x86.ActiveCfg = Debug|Any CPU
		{F5E4B922-89B9-4228-8039-6104A7FA1235}.Debug|x86.Build.0 = Debug|Any CPU
		{F5E4B922-89B9-4228-8039-6104A7FA1235}.Release|Any CPU.ActiveCfg = Release|Any CPU
		{F5E4B922-89B9-4228-8039-6104A7FA1235}.Release|Any CPU.Build.0 = Release|Any CPU
		{F5E4B922-89B9-4228-8039-6104A7FA1235}.Release|x64.ActiveCfg = Release|Any CPU
		{F5E4B922-89B9-4228-8039-6104A7FA1235}.Release|x64.Build.0 = Release|Any CPU
		{F5E4B922-89B9-4228-8039-6104A7FA1235}.Release|x86.ActiveCfg = Release|Any CPU
		{F5E4B922-89B9-4228-8039-6104A7FA1235}.Release|x86.Build.0 = Release|Any CPU
		{F39F3661-A0A8-4FE4-A329-21E5A6FA9008}.Debug|Any CPU.ActiveCfg = Debug|Any CPU
		{F39F3661-A0A8-4FE4-A329-21E5A6FA9008}.Debug|Any CPU.Build.0 = Debug|Any CPU
		{F39F3661-A0A8-4FE4-A329-21E5A6FA9008}.Debug|x64.ActiveCfg = Debug|Any CPU
		{F39F3661-A0A8-4FE4-A329-21E5A6FA9008}.Debug|x64.Build.0 = Debug|Any CPU
		{F39F3661-A0A8-4FE4-A329-21E5A6FA9008}.Debug|x86.ActiveCfg = Debug|Any CPU
		{F39F3661-A0A8-4FE4-A329-21E5A6FA9008}.Debug|x86.Build.0 = Debug|Any CPU
		{F39F3661-A0A8-4FE4-A329-21E5A6FA9008}.Release|Any CPU.ActiveCfg = Release|Any CPU
		{F39F3661-A0A8-4FE4-A329-21E5A6FA9008}.Release|Any CPU.Build.0 = Release|Any CPU
		{F39F3661-A0A8-4FE4-A329-21E5A6FA9008}.Release|x64.ActiveCfg = Release|Any CPU
		{F39F3661-A0A8-4FE4-A329-21E5A6FA9008}.Release|x64.Build.0 = Release|Any CPU
		{F39F3661-A0A8-4FE4-A329-21E5A6FA9008}.Release|x86.ActiveCfg = Release|Any CPU
		{F39F3661-A0A8-4FE4-A329-21E5A6FA9008}.Release|x86.Build.0 = Release|Any CPU
		{6E966D8B-5F80-4012-AADE-82A057D5AC16}.Debug|Any CPU.ActiveCfg = Debug|Any CPU
		{6E966D8B-5F80-4012-AADE-82A057D5AC16}.Debug|Any CPU.Build.0 = Debug|Any CPU
		{6E966D8B-5F80-4012-AADE-82A057D5AC16}.Debug|x64.ActiveCfg = Debug|Any CPU
		{6E966D8B-5F80-4012-AADE-82A057D5AC16}.Debug|x64.Build.0 = Debug|Any CPU
		{6E966D8B-5F80-4012-AADE-82A057D5AC16}.Debug|x86.ActiveCfg = Debug|Any CPU
		{6E966D8B-5F80-4012-AADE-82A057D5AC16}.Debug|x86.Build.0 = Debug|Any CPU
		{6E966D8B-5F80-4012-AADE-82A057D5AC16}.Release|Any CPU.ActiveCfg = Release|Any CPU
		{6E966D8B-5F80-4012-AADE-82A057D5AC16}.Release|Any CPU.Build.0 = Release|Any CPU
		{6E966D8B-5F80-4012-AADE-82A057D5AC16}.Release|x64.ActiveCfg = Release|Any CPU
		{6E966D8B-5F80-4012-AADE-82A057D5AC16}.Release|x64.Build.0 = Release|Any CPU
		{6E966D8B-5F80-4012-AADE-82A057D5AC16}.Release|x86.ActiveCfg = Release|Any CPU
		{6E966D8B-5F80-4012-AADE-82A057D5AC16}.Release|x86.Build.0 = Release|Any CPU
	EndGlobalSection
	GlobalSection(SolutionProperties) = preSolution
		HideSolutionNode = FALSE
	EndGlobalSection
EndGlobal
